
Microsoft Visual Studio Solution File, Format Version 12.00
Project("{FAE04EC0-301F-11D3-BF4B-00C04F79EFBC}") = "Server", "Server\Server.csproj", "{9429821E-45E8-4B26-B98D-4764B6B8248D}"
EndProject
Project("{FAE04EC0-301F-11D3-BF4B-00C04F79EFBC}") = "SharedServerLibrary", "SharedServerLibrary\SharedServerLibrary.csproj", "{C3B8087B-0B70-4D76-B3B4-C43C59CA63FB}"
EndProject
Global
	GlobalSection(SolutionConfigurationPlatforms) = preSolution
		Debug|Any CPU = Debug|Any CPU
		Release|Any CPU = Release|Any CPU
	EndGlobalSection
	GlobalSection(ProjectConfigurationPlatforms) = postSolution
		{9429821E-45E8-4B26-B98D-4764B6B8248D}.Debug|Any CPU.ActiveCfg = Debug|Any CPU
		{9429821E-45E8-4B26-B98D-4764B6B8248D}.Debug|Any CPU.Build.0 = Debug|Any CPU
		{9429821E-45E8-4B26-B98D-4764B6B8248D}.Release|Any CPU.ActiveCfg = Release|Any CPU
		{9429821E-45E8-4B26-B98D-4764B6B8248D}.Release|Any CPU.Build.0 = Release|Any CPU
		{C3B8087B-0B70-4D76-B3B4-C43C59CA63FB}.Debug|Any CPU.ActiveCfg = Debug|Any CPU
		{C3B8087B-0B70-4D76-B3B4-C43C59CA63FB}.Debug|Any CPU.Build.0 = Debug|Any CPU
		{C3B8087B-0B70-4D76-B3B4-C43C59CA63FB}.Release|Any CPU.ActiveCfg = Release|Any CPU
		{C3B8087B-0B70-4D76-B3B4-C43C59CA63FB}.Release|Any CPU.Build.0 = Release|Any CPU
	EndGlobalSection
EndGlobal
